// !$*UTF8*$!
{
	archiveVersion = 1;
	classes = {
	};
	objectVersion = 56;
	objects = {

/* Begin PBXBuildFile section */
		622099772913A61D00AE72AB /* Synesthesia_TestTaskApp.swift in Sources */ = {isa = PBXBuildFile; fileRef = 622099762913A61D00AE72AB /* Synesthesia_TestTaskApp.swift */; };
		6220997B2913A61E00AE72AB /* Assets.xcassets in Resources */ = {isa = PBXBuildFile; fileRef = 6220997A2913A61E00AE72AB /* Assets.xcassets */; };
		6220997E2913A61E00AE72AB /* Preview Assets.xcassets in Resources */ = {isa = PBXBuildFile; fileRef = 6220997D2913A61E00AE72AB /* Preview Assets.xcassets */; };
		6220998D2913AB7B00AE72AB /* APIError.swift in Sources */ = {isa = PBXBuildFile; fileRef = 6220998C2913AB7B00AE72AB /* APIError.swift */; };
		6220998F2913AB8700AE72AB /* APIProvider.swift in Sources */ = {isa = PBXBuildFile; fileRef = 6220998E2913AB8700AE72AB /* APIProvider.swift */; };
		622099912913ABD700AE72AB /* EndpointProtocol.swift in Sources */ = {isa = PBXBuildFile; fileRef = 622099902913ABD700AE72AB /* EndpointProtocol.swift */; };
		622099952913AEA800AE72AB /* SearchShowsEndpoint.swift in Sources */ = {isa = PBXBuildFile; fileRef = 622099942913AEA800AE72AB /* SearchShowsEndpoint.swift */; };
		622099972913AFF100AE72AB /* TVshow.swift in Sources */ = {isa = PBXBuildFile; fileRef = 622099962913AFF100AE72AB /* TVshow.swift */; };
		622099992913B1F700AE72AB /* SearchShowsProtocol.swift in Sources */ = {isa = PBXBuildFile; fileRef = 622099982913B1F700AE72AB /* SearchShowsProtocol.swift */; };
		6220999C2913B2A000AE72AB /* SearchShowsViewModel.swift in Sources */ = {isa = PBXBuildFile; fileRef = 6220999B2913B2A000AE72AB /* SearchShowsViewModel.swift */; };
		6220999E2913B2AE00AE72AB /* SearchShowsView.swift in Sources */ = {isa = PBXBuildFile; fileRef = 6220999D2913B2AE00AE72AB /* SearchShowsView.swift */; };
		622099A32913B2F900AE72AB /* SearchShowsCell.swift in Sources */ = {isa = PBXBuildFile; fileRef = 622099A22913B2F900AE72AB /* SearchShowsCell.swift */; };
		622099A62913B4C700AE72AB /* Kingfisher in Frameworks */ = {isa = PBXBuildFile; productRef = 622099A52913B4C700AE72AB /* Kingfisher */; };
/* End PBXBuildFile section */

/* Begin PBXFileReference section */
		622099732913A61D00AE72AB /* Synesthesia_TestTask.app */ = {isa = PBXFileReference; explicitFileType = wrapper.application; includeInIndex = 0; path = Synesthesia_TestTask.app; sourceTree = BUILT_PRODUCTS_DIR; };
		622099762913A61D00AE72AB /* Synesthesia_TestTaskApp.swift */ = {isa = PBXFileReference; lastKnownFileType = sourcecode.swift; path = Synesthesia_TestTaskApp.swift; sourceTree = "<group>"; };
		6220997A2913A61E00AE72AB /* Assets.xcassets */ = {isa = PBXFileReference; lastKnownFileType = folder.assetcatalog; path = Assets.xcassets; sourceTree = "<group>"; };
		6220997D2913A61E00AE72AB /* Preview Assets.xcassets */ = {isa = PBXFileReference; lastKnownFileType = folder.assetcatalog; path = "Preview Assets.xcassets"; sourceTree = "<group>"; };
		6220998C2913AB7B00AE72AB /* APIError.swift */ = {isa = PBXFileReference; lastKnownFileType = sourcecode.swift; path = APIError.swift; sourceTree = "<group>"; };
		6220998E2913AB8700AE72AB /* APIProvider.swift */ = {isa = PBXFileReference; lastKnownFileType = sourcecode.swift; path = APIProvider.swift; sourceTree = "<group>"; };
		622099902913ABD700AE72AB /* EndpointProtocol.swift */ = {isa = PBXFileReference; lastKnownFileType = sourcecode.swift; path = EndpointProtocol.swift; sourceTree = "<group>"; };
		622099942913AEA800AE72AB /* SearchShowsEndpoint.swift */ = {isa = PBXFileReference; lastKnownFileType = sourcecode.swift; path = SearchShowsEndpoint.swift; sourceTree = "<group>"; };
		622099962913AFF100AE72AB /* TVshow.swift */ = {isa = PBXFileReference; lastKnownFileType = sourcecode.swift; path = TVshow.swift; sourceTree = "<group>"; };
		622099982913B1F700AE72AB /* SearchShowsProtocol.swift */ = {isa = PBXFileReference; lastKnownFileType = sourcecode.swift; path = SearchShowsProtocol.swift; sourceTree = "<group>"; };
		6220999B2913B2A000AE72AB /* SearchShowsViewModel.swift */ = {isa = PBXFileReference; lastKnownFileType = sourcecode.swift; path = SearchShowsViewModel.swift; sourceTree = "<group>"; };
		6220999D2913B2AE00AE72AB /* SearchShowsView.swift */ = {isa = PBXFileReference; lastKnownFileType = sourcecode.swift; path = SearchShowsView.swift; sourceTree = "<group>"; };
		622099A22913B2F900AE72AB /* SearchShowsCell.swift */ = {isa = PBXFileReference; lastKnownFileType = sourcecode.swift; path = SearchShowsCell.swift; sourceTree = "<group>"; };
/* End PBXFileReference section */

/* Begin PBXFrameworksBuildPhase section */
		622099702913A61D00AE72AB /* Frameworks */ = {
			isa = PBXFrameworksBuildPhase;
			buildActionMask = 2147483647;
			files = (
				622099A62913B4C700AE72AB /* Kingfisher in Frameworks */,
			);
			runOnlyForDeploymentPostprocessing = 0;
		};
/* End PBXFrameworksBuildPhase section */

/* Begin PBXGroup section */
		6220996A2913A61D00AE72AB = {
			isa = PBXGroup;
			children = (
				622099752913A61D00AE72AB /* Synesthesia_TestTask */,
				622099742913A61D00AE72AB /* Products */,
			);
			sourceTree = "<group>";
		};
		622099742913A61D00AE72AB /* Products */ = {
			isa = PBXGroup;
			children = (
				622099732913A61D00AE72AB /* Synesthesia_TestTask.app */,
			);
			name = Products;
			sourceTree = "<group>";
		};
		622099752913A61D00AE72AB /* Synesthesia_TestTask */ = {
			isa = PBXGroup;
			children = (
				622099842913AA6F00AE72AB /* App */,
				622099882913AACA00AE72AB /* Resources */,
			);
			path = Synesthesia_TestTask;
			sourceTree = "<group>";
		};
		6220997C2913A61E00AE72AB /* Preview Content */ = {
			isa = PBXGroup;
			children = (
				6220997D2913A61E00AE72AB /* Preview Assets.xcassets */,
			);
			path = "Preview Content";
			sourceTree = "<group>";
		};
		622099842913AA6F00AE72AB /* App */ = {
			isa = PBXGroup;
			children = (
				622099762913A61D00AE72AB /* Synesthesia_TestTaskApp.swift */,
				622099872913AA8700AE72AB /* Model */,
				622099862913AA7C00AE72AB /* Flows */,
				622099852913AA7500AE72AB /* Business logic */,
			);
			path = App;
			sourceTree = "<group>";
		};
		622099852913AA7500AE72AB /* Business logic */ = {
			isa = PBXGroup;
			children = (
				622099892913AB2600AE72AB /* Network */,
			);
			path = "Business logic";
			sourceTree = "<group>";
		};
		622099862913AA7C00AE72AB /* Flows */ = {
			isa = PBXGroup;
			children = (
				6220999A2913B29100AE72AB /* SearchShows */,
			);
			path = Flows;
			sourceTree = "<group>";
		};
		622099872913AA8700AE72AB /* Model */ = {
			isa = PBXGroup;
			children = (
				622099962913AFF100AE72AB /* TVshow.swift */,
			);
			path = Model;
			sourceTree = "<group>";
		};
		622099882913AACA00AE72AB /* Resources */ = {
			isa = PBXGroup;
			children = (
				6220997A2913A61E00AE72AB /* Assets.xcassets */,
				6220997C2913A61E00AE72AB /* Preview Content */,
			);
			path = Resources;
			sourceTree = "<group>";
		};
		622099892913AB2600AE72AB /* Network */ = {
			isa = PBXGroup;
			children = (
				6220998E2913AB8700AE72AB /* APIProvider.swift */,
				6220998C2913AB7B00AE72AB /* APIError.swift */,
				622099902913ABD700AE72AB /* EndpointProtocol.swift */,
				6220998B2913AB3300AE72AB /* Services */,
				6220998A2913AB2C00AE72AB /* Endpoints */,
			);
			path = Network;
			sourceTree = "<group>";
		};
		6220998A2913AB2C00AE72AB /* Endpoints */ = {
			isa = PBXGroup;
			children = (
				622099942913AEA800AE72AB /* SearchShowsEndpoint.swift */,
			);
			path = Endpoints;
			sourceTree = "<group>";
		};
		6220998B2913AB3300AE72AB /* Services */ = {
			isa = PBXGroup;
			children = (
				622099982913B1F700AE72AB /* SearchShowsProtocol.swift */,
			);
			path = Services;
			sourceTree = "<group>";
		};
		6220999A2913B29100AE72AB /* SearchShows */ = {
			isa = PBXGroup;
			children = (
				622099A12913B2DC00AE72AB /* Cell */,
				622099A02913B2D300AE72AB /* View */,
				6220999F2913B2CC00AE72AB /* ViewModel */,
			);
			path = SearchShows;
			sourceTree = "<group>";
		};
		6220999F2913B2CC00AE72AB /* ViewModel */ = {
			isa = PBXGroup;
			children = (
				6220999B2913B2A000AE72AB /* SearchShowsViewModel.swift */,
			);
			path = ViewModel;
			sourceTree = "<group>";
		};
		622099A02913B2D300AE72AB /* View */ = {
			isa = PBXGroup;
			children = (
				6220999D2913B2AE00AE72AB /* SearchShowsView.swift */,
			);
			path = View;
			sourceTree = "<group>";
		};
		622099A12913B2DC00AE72AB /* Cell */ = {
			isa = PBXGroup;
			children = (
				622099A22913B2F900AE72AB /* SearchShowsCell.swift */,
			);
			path = Cell;
			sourceTree = "<group>";
		};
/* End PBXGroup section */

/* Begin PBXNativeTarget section */
		622099722913A61D00AE72AB /* Synesthesia_TestTask */ = {
			isa = PBXNativeTarget;
			buildConfigurationList = 622099812913A61E00AE72AB /* Build configuration list for PBXNativeTarget "Synesthesia_TestTask" */;
			buildPhases = (
				6220996F2913A61D00AE72AB /* Sources */,
				622099702913A61D00AE72AB /* Frameworks */,
				622099712913A61D00AE72AB /* Resources */,
			);
			buildRules = (
			);
			dependencies = (
			);
			name = Synesthesia_TestTask;
			packageProductDependencies = (
				622099A52913B4C700AE72AB /* Kingfisher */,
			);
			productName = Synesthesia_TestTask;
			productReference = 622099732913A61D00AE72AB /* Synesthesia_TestTask.app */;
			productType = "com.apple.product-type.application";
		};
/* End PBXNativeTarget section */

/* Begin PBXProject section */
		6220996B2913A61D00AE72AB /* Project object */ = {
			isa = PBXProject;
			attributes = {
				BuildIndependentTargetsInParallel = 1;
				LastSwiftUpdateCheck = 1400;
				LastUpgradeCheck = 1400;
				TargetAttributes = {
					622099722913A61D00AE72AB = {
						CreatedOnToolsVersion = 14.0.1;
					};
				};
			};
			buildConfigurationList = 6220996E2913A61D00AE72AB /* Build configuration list for PBXProject "Synesthesia_TestTask" */;
			compatibilityVersion = "Xcode 14.0";
			developmentRegion = en;
			hasScannedForEncodings = 0;
			knownRegions = (
				en,
				Base,
			);
			mainGroup = 6220996A2913A61D00AE72AB;
			packageReferences = (
				622099A42913B4C700AE72AB /* XCRemoteSwiftPackageReference "Kingfisher" */,
			);
			productRefGroup = 622099742913A61D00AE72AB /* Products */;
			projectDirPath = "";
			projectRoot = "";
			targets = (
				622099722913A61D00AE72AB /* Synesthesia_TestTask */,
			);
		};
/* End PBXProject section */

/* Begin PBXResourcesBuildPhase section */
		622099712913A61D00AE72AB /* Resources */ = {
			isa = PBXResourcesBuildPhase;
			buildActionMask = 2147483647;
			files = (
				6220997E2913A61E00AE72AB /* Preview Assets.xcassets in Resources */,
				6220997B2913A61E00AE72AB /* Assets.xcassets in Resources */,
			);
			runOnlyForDeploymentPostprocessing = 0;
		};
/* End PBXResourcesBuildPhase section */

/* Begin PBXSourcesBuildPhase section */
		6220996F2913A61D00AE72AB /* Sources */ = {
			isa = PBXSourcesBuildPhase;
			buildActionMask = 2147483647;
			files = (
				6220999C2913B2A000AE72AB /* SearchShowsViewModel.swift in Sources */,
				622099992913B1F700AE72AB /* SearchShowsProtocol.swift in Sources */,
				622099A32913B2F900AE72AB /* SearchShowsCell.swift in Sources */,
				6220999E2913B2AE00AE72AB /* SearchShowsView.swift in Sources */,
				6220998F2913AB8700AE72AB /* APIProvider.swift in Sources */,
				622099972913AFF100AE72AB /* TVshow.swift in Sources */,
				622099912913ABD700AE72AB /* EndpointProtocol.swift in Sources */,
				622099952913AEA800AE72AB /* SearchShowsEndpoint.swift in Sources */,
				622099772913A61D00AE72AB /* Synesthesia_TestTaskApp.swift in Sources */,
				6220998D2913AB7B00AE72AB /* APIError.swift in Sources */,
			);
			runOnlyForDeploymentPostprocessing = 0;
		};
/* End PBXSourcesBuildPhase section */

/* Begin XCBuildConfiguration section */
		6220997F2913A61E00AE72AB /* Debug */ = {
			isa = XCBuildConfiguration;
			buildSettings = {
				ALWAYS_SEARCH_USER_PATHS = NO;
				CLANG_ANALYZER_NONNULL = YES;
				CLANG_ANALYZER_NUMBER_OBJECT_CONVERSION = YES_AGGRESSIVE;
				CLANG_CXX_LANGUAGE_STANDARD = "gnu++20";
				CLANG_ENABLE_MODULES = YES;
				CLANG_ENABLE_OBJC_ARC = YES;
				CLANG_ENABLE_OBJC_WEAK = YES;
				CLANG_WARN_BLOCK_CAPTURE_AUTORELEASING = YES;
				CLANG_WARN_BOOL_CONVERSION = YES;
				CLANG_WARN_COMMA = YES;
				CLANG_WARN_CONSTANT_CONVERSION = YES;
				CLANG_WARN_DEPRECATED_OBJC_IMPLEMENTATIONS = YES;
				CLANG_WARN_DIRECT_OBJC_ISA_USAGE = YES_ERROR;
				CLANG_WARN_DOCUMENTATION_COMMENTS = YES;
				CLANG_WARN_EMPTY_BODY = YES;
				CLANG_WARN_ENUM_CONVERSION = YES;
				CLANG_WARN_INFINITE_RECURSION = YES;
				CLANG_WARN_INT_CONVERSION = YES;
				CLANG_WARN_NON_LITERAL_NULL_CONVERSION = YES;
				CLANG_WARN_OBJC_IMPLICIT_RETAIN_SELF = YES;
				CLANG_WARN_OBJC_LITERAL_CONVERSION = YES;
				CLANG_WARN_OBJC_ROOT_CLASS = YES_ERROR;
				CLANG_WARN_QUOTED_INCLUDE_IN_FRAMEWORK_HEADER = YES;
				CLANG_WARN_RANGE_LOOP_ANALYSIS = YES;
				CLANG_WARN_STRICT_PROTOTYPES = YES;
				CLANG_WARN_SUSPICIOUS_MOVE = YES;
				CLANG_WARN_UNGUARDED_AVAILABILITY = YES_AGGRESSIVE;
				CLANG_WARN_UNREACHABLE_CODE = YES;
				CLANG_WARN__DUPLICATE_METHOD_MATCH = YES;
				COPY_PHASE_STRIP = NO;
				DEBUG_INFORMATION_FORMAT = dwarf;
				ENABLE_STRICT_OBJC_MSGSEND = YES;
				ENABLE_TESTABILITY = YES;
				GCC_C_LANGUAGE_STANDARD = gnu11;
				GCC_DYNAMIC_NO_PIC = NO;
				GCC_NO_COMMON_BLOCKS = YES;
				GCC_OPTIMIZATION_LEVEL = 0;
				GCC_PREPROCESSOR_DEFINITIONS = (
					"DEBUG=1",
					"$(inherited)",
				);
				GCC_WARN_64_TO_32_BIT_CONVERSION = YES;
				GCC_WARN_ABOUT_RETURN_TYPE = YES_ERROR;
				GCC_WARN_UNDECLARED_SELECTOR = YES;
				GCC_WARN_UNINITIALIZED_AUTOS = YES_AGGRESSIVE;
				GCC_WARN_UNUSED_FUNCTION = YES;
				GCC_WARN_UNUSED_VARIABLE = YES;
				IPHONEOS_DEPLOYMENT_TARGET = 16.0;
				MTL_ENABLE_DEBUG_INFO = INCLUDE_SOURCE;
				MTL_FAST_MATH = YES;
				ONLY_ACTIVE_ARCH = YES;
				SDKROOT = iphoneos;
				SWIFT_ACTIVE_COMPILATION_CONDITIONS = DEBUG;
				SWIFT_OPTIMIZATION_LEVEL = "-Onone";
			};
			name = Debug;
		};
		622099802913A61E00AE72AB /* Release */ = {
			isa = XCBuildConfiguration;
			buildSettings = {
				ALWAYS_SEARCH_USER_PATHS = NO;
				CLANG_ANALYZER_NONNULL = YES;
				CLANG_ANALYZER_NUMBER_OBJECT_CONVERSION = YES_AGGRESSIVE;
				CLANG_CXX_LANGUAGE_STANDARD = "gnu++20";
				CLANG_ENABLE_MODULES = YES;
				CLANG_ENABLE_OBJC_ARC = YES;
				CLANG_ENABLE_OBJC_WEAK = YES;
				CLANG_WARN_BLOCK_CAPTURE_AUTORELEASING = YES;
				CLANG_WARN_BOOL_CONVERSION = YES;
				CLANG_WARN_COMMA = YES;
				CLANG_WARN_CONSTANT_CONVERSION = YES;
				CLANG_WARN_DEPRECATED_OBJC_IMPLEMENTATIONS = YES;
				CLANG_WARN_DIRECT_OBJC_ISA_USAGE = YES_ERROR;
				CLANG_WARN_DOCUMENTATION_COMMENTS = YES;
				CLANG_WARN_EMPTY_BODY = YES;
				CLANG_WARN_ENUM_CONVERSION = YES;
				CLANG_WARN_INFINITE_RECURSION = YES;
				CLANG_WARN_INT_CONVERSION = YES;
				CLANG_WARN_NON_LITERAL_NULL_CONVERSION = YES;
				CLANG_WARN_OBJC_IMPLICIT_RETAIN_SELF = YES;
				CLANG_WARN_OBJC_LITERAL_CONVERSION = YES;
				CLANG_WARN_OBJC_ROOT_CLASS = YES_ERROR;
				CLANG_WARN_QUOTED_INCLUDE_IN_FRAMEWORK_HEADER = YES;
				CLANG_WARN_RANGE_LOOP_ANALYSIS = YES;
				CLANG_WARN_STRICT_PROTOTYPES = YES;
				CLANG_WARN_SUSPICIOUS_MOVE = YES;
				CLANG_WARN_UNGUARDED_AVAILABILITY = YES_AGGRESSIVE;
				CLANG_WARN_UNREACHABLE_CODE = YES;
				CLANG_WARN__DUPLICATE_METHOD_MATCH = YES;
				COPY_PHASE_STRIP = NO;
				DEBUG_INFORMATION_FORMAT = "dwarf-with-dsym";
				ENABLE_NS_ASSERTIONS = NO;
				ENABLE_STRICT_OBJC_MSGSEND = YES;
				GCC_C_LANGUAGE_STANDARD = gnu11;
				GCC_NO_COMMON_BLOCKS = YES;
				GCC_WARN_64_TO_32_BIT_CONVERSION = YES;
				GCC_WARN_ABOUT_RETURN_TYPE = YES_ERROR;
				GCC_WARN_UNDECLARED_SELECTOR = YES;
				GCC_WARN_UNINITIALIZED_AUTOS = YES_AGGRESSIVE;
				GCC_WARN_UNUSED_FUNCTION = YES;
				GCC_WARN_UNUSED_VARIABLE = YES;
				IPHONEOS_DEPLOYMENT_TARGET = 16.0;
				MTL_ENABLE_DEBUG_INFO = NO;
				MTL_FAST_MATH = YES;
				SDKROOT = iphoneos;
				SWIFT_COMPILATION_MODE = wholemodule;
				SWIFT_OPTIMIZATION_LEVEL = "-O";
				VALIDATE_PRODUCT = YES;
			};
			name = Release;
		};
		622099822913A61E00AE72AB /* Debug */ = {
			isa = XCBuildConfiguration;
			buildSettings = {
				ASSETCATALOG_COMPILER_APPICON_NAME = AppIcon;
				ASSETCATALOG_COMPILER_GLOBAL_ACCENT_COLOR_NAME = AccentColor;
				CODE_SIGN_STYLE = Automatic;
				CURRENT_PROJECT_VERSION = 1;
				DEVELOPMENT_ASSET_PATHS = "\"Synesthesia_TestTask/Resources/Preview Content\"";
				ENABLE_PREVIEWS = YES;
				GENERATE_INFOPLIST_FILE = YES;
				INFOPLIST_KEY_UIApplicationSceneManifest_Generation = YES;
				INFOPLIST_KEY_UIApplicationSupportsIndirectInputEvents = YES;
				INFOPLIST_KEY_UILaunchScreen_Generation = YES;
				INFOPLIST_KEY_UISupportedInterfaceOrientations_iPad = "UIInterfaceOrientationPortrait UIInterfaceOrientationPortraitUpsideDown UIInterfaceOrientationLandscapeLeft UIInterfaceOrientationLandscapeRight";
				INFOPLIST_KEY_UISupportedInterfaceOrientations_iPhone = "UIInterfaceOrientationPortrait UIInterfaceOrientationLandscapeLeft UIInterfaceOrientationLandscapeRight";
				LD_RUNPATH_SEARCH_PATHS = (
					"$(inherited)",
					"@executable_path/Frameworks",
				);
				MARKETING_VERSION = 1.0;
				PRODUCT_BUNDLE_IDENTIFIER = "NewsProject.com.alexgrg.Synesthesia-TestTask";
				PRODUCT_NAME = "$(TARGET_NAME)";
				SWIFT_EMIT_LOC_STRINGS = YES;
				SWIFT_VERSION = 5.0;
				TARGETED_DEVICE_FAMILY = "1,2";
			};
			name = Debug;
		};
		622099832913A61E00AE72AB /* Release */ = {
			isa = XCBuildConfiguration;
			buildSettings = {
				ASSETCATALOG_COMPILER_APPICON_NAME = AppIcon;
				ASSETCATALOG_COMPILER_GLOBAL_ACCENT_COLOR_NAME = AccentColor;
				CODE_SIGN_STYLE = Automatic;
				CURRENT_PROJECT_VERSION = 1;
				DEVELOPMENT_ASSET_PATHS = "\"Synesthesia_TestTask/Resources/Preview Content\"";
				ENABLE_PREVIEWS = YES;
				GENERATE_INFOPLIST_FILE = YES;
				INFOPLIST_KEY_UIApplicationSceneManifest_Generation = YES;
				INFOPLIST_KEY_UIApplicationSupportsIndirectInputEvents = YES;
				INFOPLIST_KEY_UILaunchScreen_Generation = YES;
				INFOPLIST_KEY_UISupportedInterfaceOrientations_iPad = "UIInterfaceOrientationPortrait UIInterfaceOrientationPortraitUpsideDown UIInterfaceOrientationLandscapeLeft UIInterfaceOrientationLandscapeRight";
				INFOPLIST_KEY_UISupportedInterfaceOrientations_iPhone = "UIInterfaceOrientationPortrait UIInterfaceOrientationLandscapeLeft UIInterfaceOrientationLandscapeRight";
				LD_RUNPATH_SEARCH_PATHS = (
					"$(inherited)",
					"@executable_path/Frameworks",
				);
				MARKETING_VERSION = 1.0;
				PRODUCT_BUNDLE_IDENTIFIER = "NewsProject.com.alexgrg.Synesthesia-TestTask";
				PRODUCT_NAME = "$(TARGET_NAME)";
				SWIFT_EMIT_LOC_STRINGS = YES;
				SWIFT_VERSION = 5.0;
				TARGETED_DEVICE_FAMILY = "1,2";
			};
			name = Release;
		};
/* End XCBuildConfiguration section */

/* Begin XCConfigurationList section */
		6220996E2913A61D00AE72AB /* Build configuration list for PBXProject "Synesthesia_TestTask" */ = {
			isa = XCConfigurationList;
			buildConfigurations = (
				6220997F2913A61E00AE72AB /* Debug */,
				622099802913A61E00AE72AB /* Release */,
			);
			defaultConfigurationIsVisible = 0;
			defaultConfigurationName = Release;
		};
		622099812913A61E00AE72AB /* Build configuration list for PBXNativeTarget "Synesthesia_TestTask" */ = {
			isa = XCConfigurationList;
			buildConfigurations = (
				622099822913A61E00AE72AB /* Debug */,
				622099832913A61E00AE72AB /* Release */,
			);
			defaultConfigurationIsVisible = 0;
			defaultConfigurationName = Release;
		};
/* End XCConfigurationList section */

/* Begin XCRemoteSwiftPackageReference section */
		622099A42913B4C700AE72AB /* XCRemoteSwiftPackageReference "Kingfisher" */ = {
			isa = XCRemoteSwiftPackageReference;
			repositoryURL = "https://github.com/onevcat/Kingfisher";
			requirement = {
				kind = upToNextMajorVersion;
				minimumVersion = 7.0.0;
			};
		};
/* End XCRemoteSwiftPackageReference section */

/* Begin XCSwiftPackageProductDependency section */
		622099A52913B4C700AE72AB /* Kingfisher */ = {
			isa = XCSwiftPackageProductDependency;
			package = 622099A42913B4C700AE72AB /* XCRemoteSwiftPackageReference "Kingfisher" */;
			productName = Kingfisher;
		};
/* End XCSwiftPackageProductDependency section */
	};
	rootObject = 6220996B2913A61D00AE72AB /* Project object */;
}
